gitee.com/rocket049/go-beep v0.0.0-20200530033343-205a4d6c860e h1:voSBSQeYNOsU2P1TQr3TDceL+4UzhjT/4WHsxObGz8U=
gitee.com/rocket049/go-beep v0.0.0-20200530033343-205a4d6c860e/go.mod h1:P2zG5Bf3BocHhwovl6J4/cUTubfmH2Cd4BJZLl7Mjks=
github.com/gordonklaus/portaudio v0.0.0-20180817120803-00e7307ccd93 h1:TSG+DyZBnazM22ZHyHLeUkzM34ClkJRjIWHTq4btvek=
github.com/gordonklaus/portaudio v0.0.0-20180817120803-00e7307ccd93/go.mod h1:HfYnZi/ARQKG0dwH5HNDmPCHdLiFiBf+SI7DbhW7et4=
